
Microsoft Visual Studio Solution File, Format Version 12.00
# Visual Studio Version 16
VisualStudioVersion = 16.0.30204.135
MinimumVisualStudioVersion = 10.0.40219.1
Project("{FAE04EC0-301F-11D3-BF4B-00C04F79EFBC}") = "Assignment 1", "Assignment 1\Assignment 1.csproj", "{23E73866-DA63-4764-9BEE-AA027BD7C42C}"
EndProject
Global
	GlobalSection(SolutionConfigurationPlatforms) = preSolution
		Debug|Any CPU = Debug|Any CPU
		Release|Any CPU = Release|Any CPU
	EndGlobalSection
	GlobalSection(ProjectConfigurationPlatforms) = postSolution
		{23E73866-DA63-4764-9BEE-AA027BD7C42C}.Debug|Any CPU.ActiveCfg = Debug|Any CPU
		{23E73866-DA63-4764-9BEE-AA027BD7C42C}.Debug|Any CPU.Build.0 = Debug|Any CPU
		{23E73866-DA63-4764-9BEE-AA027BD7C42C}.Release|Any CPU.ActiveCfg = Release|Any CPU
		{23E73866-DA63-4764-9BEE-AA027BD7C42C}.Release|Any CPU.Build.0 = Release|Any CPU
	EndGlobalSection
	GlobalSection(SolutionProperties) = preSolution
		HideSolutionNode = FALSE
	EndGlobalSection
	GlobalSection(ExtensibilityGlobals) = postSolution
		SolutionGuid = {FCD6C02C-F945-4C37-9699-68E8A0C03269}
	EndGlobalSection
EndGlobal
